dependencies:
  idf:
    component_hash: null
    source:
      type: idf
    version: 5.2.1
  protocol_examples_common:
    component_hash: null
    source:
      path: /home/jon/esp/esp-idf/examples/common_components/protocol_examples_common
      type: local
    version: '*'
manifest_hash: 1de266a9c7e08ef00705ae117fbd08afe555e71da830047b09c66e33cbd08f07
target: esp32
version: 1.0.0
